version = 1
revision = 3
requires-python = ">=3.12"

[[package]]
name = "dbt"
version = "1.0.0.40.15"
source = { registry = "https://pypi.org/simple" }
dependencies = [
    { name = "setuptools" },
]
sdist = { url = "https://files.pythonhosted.org/packages/30/1a/2f5f192ec0a54198f619ba4493ff7966486016b540fe0218a637e9ea1ff0/dbt-1.0.0.40.15.tar.gz", hash = "sha256:cc5813a215365c123e078933bdec8c00062e82c9254a0843e347dcc44d67a48a", size = 3336, upload-time = "2026-03-02T18:07:32.876Z" }

[[package]]
name = "setuptools"
version = "82.0.1"
source = { registry = "https://pypi.org/simple" }
sdist = { url = "https://files.pythonhosted.org/packages/4f/db/cfac1baf10650ab4d1c111714410d2fbb77ac5a616db26775db562c8fab2/setuptools-82.0.1.tar.gz", hash = "sha256:7d872682c5d01cfde07da7bccc7b65469d3dca203318515ada1de5eda35efbf9", size = 1152316, upload-time = "2026-03-09T12:47:17.221Z" }
wheels = [
    { url = "https://files.pythonhosted.org/packages/9d/76/f789f7a86709c6b087c5a2f52f911838cad707cc613162401badc665acfe/setuptools-82.0.1-py3-none-any.whl", hash = "sha256:a59e362652f08dcd477c78bb6e7bd9d80a7995bc73ce773050228a348ce2e5bb", size = 1006223, upload-time = "2026-03-09T12:47:15.026Z" },
]

[[package]]
name = "ticketsreporting"
version = "0.1.0"
source = { virtual = "." }
dependencies = [
    { name = "dbt" },
]

[package.metadata]
requires-dist = [{ name = "dbt", specifier = ">=1.0.0.40.15" }]
